
Microsoft Visual Studio Solution File, Format Version 12.00
# Visual Studio Version 17
VisualStudioVersion = 17.6.33723.286
MinimumVisualStudioVersion = 10.0.40219.1
Project("{FAE04EC0-301F-11D3-BF4B-00C04F79EFBC}") = "CFA_EmployeeDetails", "CFA_EmployeeDetails.csproj", "{9C68A1DC-DFF4-469D-ABF7-A68816542249}"
EndProject
Global
	GlobalSection(SolutionConfigurationPlatforms) = preSolution
		Debug|Any CPU = Debug|Any CPU
		Release|Any CPU = Release|Any CPU
	EndGlobalSection
	GlobalSection(ProjectConfigurationPlatforms) = postSolution
		{9C68A1DC-DFF4-469D-ABF7-A68816542249}.Debug|Any CPU.ActiveCfg = Debug|Any CPU
		{9C68A1DC-DFF4-469D-ABF7-A68816542249}.Debug|Any CPU.Build.0 = Debug|Any CPU
		{9C68A1DC-DFF4-469D-ABF7-A68816542249}.Release|Any CPU.ActiveCfg = Release|Any CPU
		{9C68A1DC-DFF4-469D-ABF7-A68816542249}.Release|Any CPU.Build.0 = Release|Any CPU
	EndGlobalSection
	GlobalSection(SolutionProperties) = preSolution
		HideSolutionNode = FALSE
	EndGlobalSection
	GlobalSection(ExtensibilityGlobals) = postSolution
		SolutionGuid = {620AE43B-A09D-4F30-8A48-E5F773CCE0EA}
	EndGlobalSection
EndGlobal
